
Microsoft Visual Studio Solution File, Format Version 12.00
# Visual Studio Version 16
VisualStudioVersion = 16.0.31624.102
MinimumVisualStudioVersion = 10.0.40219.1
Project("{FAE04EC0-301F-11D3-BF4B-00C04F79EFBC}") = "Facultad", "Facultad\Facultad.csproj", "{B1442D76-1FF7-4F30-9A38-1093A1B057BA}"
EndProject
Global
	GlobalSection(SolutionConfigurationPlatforms) = preSolution
		Debug|Any CPU = Debug|Any CPU
		Release|Any CPU = Release|Any CPU
	EndGlobalSection
	GlobalSection(ProjectConfigurationPlatforms) = postSolution
		{B1442D76-1FF7-4F30-9A38-1093A1B057BA}.Debug|Any CPU.ActiveCfg = Debug|Any CPU
		{B1442D76-1FF7-4F30-9A38-1093A1B057BA}.Debug|Any CPU.Build.0 = Debug|Any CPU
		{B1442D76-1FF7-4F30-9A38-1093A1B057BA}.Release|Any CPU.ActiveCfg = Release|Any CPU
		{B1442D76-1FF7-4F30-9A38-1093A1B057BA}.Release|Any CPU.Build.0 = Release|Any CPU
	EndGlobalSection
	GlobalSection(SolutionProperties) = preSolution
		HideSolutionNode = FALSE
	EndGlobalSection
	GlobalSection(ExtensibilityGlobals) = postSolution
		SolutionGuid = {8E4DFD62-C537-4550-96E5-1E4E220ABE24}
	EndGlobalSection
EndGlobal
